# THIS IS AN AUTOGENERATED FILE. DO NOT EDIT THIS FILE DIRECTLY.
# yarn lockfile v1


"@apidevtools/json-schema-ref-parser@9.0.6":
  version "9.0.6"
  resolved "https://artifacts.aue1e.internal:443/artifactory/api/npm/npm-okta-master/@apidevtools/json-schema-ref-parser/-/json-schema-ref-parser-9.0.6.tgz#5d9000a3ac1fd25404da886da6b266adcd99cf1c"
  integrity sha1-XZAAo6wf0lQE2ohtprJmrc2Zzxw=
  dependencies:
    "@jsdevtools/ono" "^7.1.3"
    call-me-maybe "^1.0.1"
    js-yaml "^3.13.1"

"@apidevtools/openapi-schemas@^2.1.0":
  version "2.1.0"
  resolved "https://artifacts.aue1e.internal:443/artifactory/api/npm/npm-okta-master/@apidevtools/openapi-schemas/-/openapi-schemas-2.1.0.tgz#9fa08017fb59d80538812f03fc7cac5992caaa17"
  integrity sha1-n6CAF/tZ2AU4gS8D/HysWZLKqhc=

"@apidevtools/swagger-cli@^4.0.4":
  version "4.0.4"
  resolved "https://artifacts.aue1e.internal:443/artifactory/api/npm/npm-okta-master/@apidevtools/swagger-cli/-/swagger-cli-4.0.4.tgz#c645c291f56e4add583111aca9edeee23d60fa10"
  integrity sha1-xkXCkfVuSt1YMRGsqe3u4j1g+hA=
  dependencies:
    "@apidevtools/swagger-parser" "^10.0.1"
    chalk "^4.1.0"
    js-yaml "^3.14.0"
    yargs "^15.4.1"

"@apidevtools/swagger-methods@^3.0.2":
  version "3.0.2"
  resolved "https://artifacts.aue1e.internal:443/artifactory/api/npm/npm-okta-master/@apidevtools/swagger-methods/-/swagger-methods-3.0.2.tgz#b789a362e055b0340d04712eafe7027ddc1ac267"
  integrity sha1-t4mjYuBVsDQNBHEur+cCfdwawmc=

"@apidevtools/swagger-parser@^10.0.1":
  version "10.1.0"
  resolved "https://artifacts.aue1e.internal:443/artifactory/api/npm/npm-okta-master/@apidevtools/swagger-parser/-/swagger-parser-10.1.0.tgz#a987d71e5be61feb623203be0c96e5985b192ab6"
  integrity sha1-qYfXHlvmH+tiMgO+DJblmFsZKrY=
  dependencies:
    "@apidevtools/json-schema-ref-parser" "9.0.6"
    "@apidevtools/openapi-schemas" "^2.1.0"
    "@apidevtools/swagger-methods" "^3.0.2"
    "@jsdevtools/ono" "^7.1.3"
    ajv "^8.6.3"
    ajv-draft-04 "^1.0.0"
    call-me-maybe "^1.0.1"

"@jsdevtools/ono@^7.1.3":
  version "7.1.3"
  resolved "https://artifacts.aue1e.internal:443/artifactory/api/npm/npm-okta-master/@jsdevtools/ono/-/ono-7.1.3.tgz#9df03bbd7c696a5c58885c34aa06da41c8543796"
  integrity sha1-nfA7vXxpalxYiFw0qgbaQchUN5Y=

"@okta/openapi@^2.15.0":
  version "2.15.0"
  resolved "https://artifacts.aue1e.internal:443/artifactory/api/npm/npm-okta-all/@okta/openapi/-/@okta/openapi-2.15.0.tgz#1d315011777103b8f2b279730069268c1b231f31"
  integrity sha1-HTFQEXdxA7jysnlzAGkmjBsjHzE=
  dependencies:
    "@apidevtools/swagger-cli" "^4.0.4"
    commander "2.9.0"
    fs-extra "3.0.1"
    handlebars "^4.7.6"
    js-yaml "^3.13.1"
    json-stable-stringify "1.0.1"
    node-fetch "^2.6.0"

ajv-draft-04@^1.0.0:
  version "1.0.0"
  resolved "https://artifacts.aue1e.internal:443/artifactory/api/npm/npm-okta-master/ajv-draft-04/-/ajv-draft-04-1.0.0.tgz#3b64761b268ba0b9e668f0b41ba53fce0ad77fc8"
  integrity sha1-O2R2GyaLoLnmaPC0G6U/zgrXf8g=

ajv@^8.6.3:
  version "8.12.0"
  resolved "https://artifacts.aue1e.internal:443/artifactory/api/npm/npm-okta-master/ajv/-/ajv-8.12.0.tgz#d1a0527323e22f53562c567c00991577dfbe19d1"
  integrity sha1-0aBScyPiL1NWLFZ8AJkVd9++GdE=
  dependencies:
    fast-deep-equal "^3.1.1"
    json-schema-traverse "^1.0.0"
    require-from-string "^2.0.2"
    uri-js "^4.2.2"

ansi-regex@^5.0.1:
  version "5.0.1"
  resolved "https://artifacts.aue1e.internal:443/artifactory/api/npm/npm-okta-master/ansi-regex/-/ansi-regex-5.0.1.tgz#082cb2c89c9fe8659a311a53bd6a4dc5301db304"
  integrity sha1-CCyyyJyf6GWaMRpTvWpNxTAdswQ=

ansi-styles@^4.0.0, ansi-styles@^4.1.0:
  version "4.3.0"
  resolved "https://artifacts.aue1e.internal:443/artifactory/api/npm/npm-okta-master/ansi-styles/-/ansi-styles-4.3.0.tgz#edd803628ae71c04c85ae7a0906edad34b648937"
  integrity sha1-7dgDYornHATIWuegkG7a00tkiTc=
  dependencies:
    color-convert "^2.0.1"

argparse@^1.0.7:
  version "1.0.10"
  resolved "https://artifacts.aue1e.internal:443/artifactory/api/npm/npm-okta-master/argparse/-/argparse-1.0.10.tgz#bcd6791ea5ae09725e17e5ad988134cd40b3d911"
  integrity sha1-vNZ5HqWuCXJeF+WtmIE0zUCz2RE=
  dependencies:
    sprintf-js "~1.0.2"

call-me-maybe@^1.0.1:
  version "1.0.2"
  resolved "https://artifacts.aue1e.internal:443/artifactory/api/npm/npm-okta-master/call-me-maybe/-/call-me-maybe-1.0.2.tgz#03f964f19522ba643b1b0693acb9152fe2074baa"
  integrity sha1-A/lk8ZUiumQ7GwaTrLkVL+IHS6o=

camelcase@^5.0.0:
  version "5.3.1"
  resolved "https://artifacts.aue1e.internal:443/artifactory/api/npm/npm-okta-master/camelcase/-/camelcase-5.3.1.tgz#e3c9b31569e106811df242f715725a1f4c494320"
  integrity sha1-48mzFWnhBoEd8kL3FXJaH0xJQyA=

chalk@^4.1.0:
  version "4.1.2"
  resolved "https://artifacts.aue1e.internal:443/artifactory/api/npm/npm-okta-master/chalk/-/chalk-4.1.2.tgz#aac4e2b7734a740867aeb16bf02aad556a1e7a01"
  integrity sha1-qsTit3NKdAhnrrFr8CqtVWoeegE=
  dependencies:
    ansi-styles "^4.1.0"
    supports-color "^7.1.0"

cliui@^6.0.0:
  version "6.0.0"
  resolved "https://artifacts.aue1e.internal:443/artifactory/api/npm/npm-okta-master/cliui/-/cliui-6.0.0.tgz#511d702c0c4e41ca156d7d0e96021f23e13225b1"
  integrity sha1-UR1wLAxOQcoVbX0OlgIfI+EyJbE=
  dependencies:
    string-width "^4.2.0"
    strip-ansi "^6.0.0"
    wrap-ansi "^6.2.0"

color-convert@^2.0.1:
  version "2.0.1"
  resolved "https://artifacts.aue1e.internal:443/artifactory/api/npm/npm-okta-master/color-convert/-/color-convert-2.0.1.tgz#72d3a68d598c9bdb3af2ad1e84f21d896abd4de3"
  integrity sha1-ctOmjVmMm9s68q0ehPIdiWq9TeM=
  dependencies:
    color-name "~1.1.4"

color-name@~1.1.4:
  version "1.1.4"
  resolved "https://artifacts.aue1e.internal:443/artifactory/api/npm/npm-okta-master/color-name/-/color-name-1.1.4.tgz#c2a09a87acbde69543de6f63fa3995c826c536a2"
  integrity sha1-wqCah6y95pVD3m9j+jmVyCbFNqI=

commander@2.9.0:
  version "2.9.0"
  resolved "https://artifacts.aue1e.internal:443/artifactory/api/npm/npm-okta-master/commander/-/commander-2.9.0.tgz#9c99094176e12240cb22d6c5146098400fe0f7d4"
  integrity sha1-nJkJQXbhIkDLItbFFGCYQA/g99Q=
  dependencies:
    graceful-readlink ">= 1.0.0"

decamelize@^1.2.0:
  version "1.2.0"
  resolved "https://artifacts.aue1e.internal:443/artifactory/api/npm/npm-okta-master/decamelize/-/decamelize-1.2.0.tgz#f6534d15148269b20352e7bee26f501f9a191290"
  integrity sha1-9lNNFRSCabIDUue+4m9QH5oZEpA=

emoji-regex@^8.0.0:
  version "8.0.0"
  resolved "https://artifacts.aue1e.internal:443/artifactory/api/npm/npm-okta-master/emoji-regex/-/emoji-regex-8.0.0.tgz#e818fd69ce5ccfcb404594f842963bf53164cc37"
  integrity sha1-6Bj9ac5cz8tARZT4QpY79TFkzDc=

esprima@^4.0.0:
  version "4.0.1"
  resolved "https://artifacts.aue1e.internal:443/artifactory/api/npm/npm-okta-master/esprima/-/esprima-4.0.1.tgz#13b04cdb3e6c5d19df91ab6987a8695619b0aa71"
  integrity sha1-E7BM2z5sXRnfkatph6hpVhmwqnE=

fast-deep-equal@^3.1.1:
  version "3.1.3"
  resolved "https://artifacts.aue1e.internal:443/artifactory/api/npm/npm-okta-master/fast-deep-equal/-/fast-deep-equal-3.1.3.tgz#3a7d56b559d6cbc3eb512325244e619a65c6c525"
  integrity sha1-On1WtVnWy8PrUSMlJE5hmmXGxSU=

find-up@^4.1.0:
  version "4.1.0"
  resolved "https://artifacts.aue1e.internal:443/artifactory/api/npm/npm-okta-master/find-up/-/find-up-4.1.0.tgz#97afe7d6cdc0bc5928584b7c8d7b16e8a9aa5d19"
  integrity sha1-l6/n1s3AvFkoWEt8jXsW6KmqXRk=
  dependencies:
    locate-path "^5.0.0"
    path-exists "^4.0.0"

fs-extra@3.0.1:
  version "3.0.1"
  resolved "https://artifacts.aue1e.internal:443/artifactory/api/npm/npm-okta-master/fs-extra/-/fs-extra-3.0.1.tgz#3794f378c58b342ea7dbbb23095109c4b3b62291"
  integrity sha1-N5TzeMWLNC6n27sjCVEJxLO2IpE=
  dependencies:
    graceful-fs "^4.1.2"
    jsonfile "^3.0.0"
    universalify "^0.1.0"

get-caller-file@^2.0.1:
  version "2.0.5"
  resolved "https://artifacts.aue1e.internal:443/artifactory/api/npm/npm-okta-master/get-caller-file/-/get-caller-file-2.0.5.tgz#4f94412a82db32f36e3b0b9741f8a97feb031f7e"
  integrity sha1-T5RBKoLbMvNuOwuXQfipf+sDH34=

graceful-fs@^4.1.2, graceful-fs@^4.1.6:
  version "4.2.10"
  resolved "https://artifacts.aue1e.internal:443/artifactory/api/npm/npm-okta-master/graceful-fs/-/graceful-fs-4.2.10.tgz#147d3a006da4ca3ce14728c7aefc287c367d7a6c"
  integrity sha1-FH06AG2kyjzhRyjHrvwofDZ9emw=

"graceful-readlink@>= 1.0.0":
  version "1.0.1"
  resolved "https://artifacts.aue1e.internal:443/artifactory/api/npm/npm-okta-master/graceful-readlink/-/graceful-readlink-1.0.1.tgz#4cafad76bc62f02fa039b2f94e9a3dd3a391a725"
  integrity sha1-TK+tdrxi8C+gObL5Tpo906ORpyU=

handlebars@^4.7.6:
  version "4.7.7"
  resolved "https://artifacts.aue1e.internal:443/artifactory/api/npm/npm-okta-master/handlebars/-/handlebars-4.7.7.tgz#9ce33416aad02dbd6c8fafa8240d5d98004945a1"
  integrity sha1-nOM0FqrQLb1sj6+oJA1dmABJRaE=
  dependencies:
    minimist "^1.2.5"
    neo-async "^2.6.0"
    source-map "^0.6.1"
    wordwrap "^1.0.0"
  optionalDependencies:
    uglify-js "^3.1.4"

has-flag@^4.0.0:
  version "4.0.0"
  resolved "https://artifacts.aue1e.internal:443/artifactory/api/npm/npm-okta-master/has-flag/-/has-flag-4.0.0.tgz#944771fd9c81c81265c4d6941860da06bb59479b"
  integrity sha1-lEdx/ZyByBJlxNaUGGDaBrtZR5s=

is-fullwidth-code-point@^3.0.0:
  version "3.0.0"
  resolved "https://artifacts.aue1e.internal:443/artifactory/api/npm/npm-okta-master/is-fullwidth-code-point/-/is-fullwidth-code-point-3.0.0.tgz#f116f8064fe90b3f7844a38997c0b75051269f1d"
  integrity sha1-8Rb4Bk/pCz94RKOJl8C3UFEmnx0=

js-yaml@^3.13.1, js-yaml@^3.14.0:
  version "3.14.1"
  resolved "https://artifacts.aue1e.internal:443/artifactory/api/npm/npm-okta-master/js-yaml/-/js-yaml-3.14.1.tgz#dae812fdb3825fa306609a8717383c50c36a0537"
  integrity sha1-2ugS/bOCX6MGYJqHFzg8UMNqBTc=
  dependencies:
    argparse "^1.0.7"
    esprima "^4.0.0"

json-schema-traverse@^1.0.0:
  version "1.0.0"
  resolved "https://artifacts.aue1e.internal:443/artifactory/api/npm/npm-okta-master/json-schema-traverse/-/json-schema-traverse-1.0.0.tgz#ae7bcb3656ab77a73ba5c49bf654f38e6b6860e2"
  integrity sha1-rnvLNlard6c7pcSb9lTzjmtoYOI=

json-stable-stringify@1.0.1:
  version "1.0.1"
  resolved "https://artifacts.aue1e.internal:443/artifactory/api/npm/npm-okta-master/json-stable-stringify/-/json-stable-stringify-1.0.1.tgz#9a759d39c5f2ff503fd5300646ed445f88c4f9af"
  integrity sha1-mnWdOcXy/1A/1TAGRu1EX4jE+a8=
  dependencies:
    jsonify "~0.0.0"

jsonfile@^3.0.0:
  version "3.0.1"
  resolved "https://artifacts.aue1e.internal:443/artifactory/api/npm/npm-okta-master/jsonfile/-/jsonfile-3.0.1.tgz#a5ecc6f65f53f662c4415c7675a0331d0992ec66"
  integrity sha1-pezG9l9T9mLEQVx2daAzHQmS7GY=
  optionalDependencies:
    graceful-fs "^4.1.6"

jsonify@~0.0.0:
  version "0.0.1"
  resolved "https://artifacts.aue1e.internal:443/artifactory/api/npm/npm-okta-master/jsonify/-/jsonify-0.0.1.tgz#2aa3111dae3d34a0f151c63f3a45d995d9420978"
  integrity sha1-KqMRHa49NKDxUcY/OkXZldlCCXg=

locate-path@^5.0.0:
  version "5.0.0"
  resolved "https://artifacts.aue1e.internal:443/artifactory/api/npm/npm-okta-master/locate-path/-/locate-path-5.0.0.tgz#1afba396afd676a6d42504d0a67a3a7eb9f62aa0"
  integrity sha1-Gvujlq/WdqbUJQTQpno6frn2KqA=
  dependencies:
    p-locate "^4.1.0"

lodash@^4.17.21:
  version "4.17.21"
  resolved "https://artifacts.aue1e.internal:443/artifactory/api/npm/npm-okta-master/lodash/-/lodash-4.17.21.tgz#679591c564c3bffaae8454cf0b3df370c3d6911c"
  integrity sha1-Z5WRxWTDv/quhFTPCz3zcMPWkRw=

minimist@^1.2.5:
  version "1.2.8"
  resolved "https://artifacts.aue1e.internal:443/artifactory/api/npm/npm-okta-master/minimist/-/minimist-1.2.8.tgz#c1a464e7693302e082a075cee0c057741ac4772c"
  integrity sha1-waRk52kzAuCCoHXO4MBXdBrEdyw=

neo-async@^2.6.0:
  version "2.6.2"
  resolved "https://artifacts.aue1e.internal:443/artifactory/api/npm/npm-okta-master/neo-async/-/neo-async-2.6.2.tgz#b4aafb93e3aeb2d8174ca53cf163ab7d7308305f"
  integrity sha1-tKr7k+OustgXTKU88WOrfXMIMF8=

node-fetch@^2.6.0:
  version "2.6.9"
  resolved "https://artifacts.aue1e.internal:443/artifactory/api/npm/npm-okta-master/node-fetch/-/node-fetch-2.6.9.tgz#7c7f744b5cc6eb5fd404e0c7a9fec630a55657e6"
  integrity sha1-fH90S1zG61/UBODHqf7GMKVWV+Y=
  dependencies:
    whatwg-url "^5.0.0"

p-limit@^2.2.0:
  version "2.3.0"
  resolved "https://artifacts.aue1e.internal:443/artifactory/api/npm/npm-okta-master/p-limit/-/p-limit-2.3.0.tgz#3dd33c647a214fdfffd835933eb086da0dc21db1"
  integrity sha1-PdM8ZHohT9//2DWTPrCG2g3CHbE=
  dependencies:
    p-try "^2.0.0"

p-locate@^4.1.0:
  version "4.1.0"
  resolved "https://artifacts.aue1e.internal:443/artifactory/api/npm/npm-okta-master/p-locate/-/p-locate-4.1.0.tgz#a3428bb7088b3a60292f66919278b7c297ad4f07"
  integrity sha1-o0KLtwiLOmApL2aRkni3wpetTwc=
  dependencies:
    p-limit "^2.2.0"

p-try@^2.0.0:
  version "2.2.0"
  resolved "https://artifacts.aue1e.internal:443/artifactory/api/npm/npm-okta-master/p-try/-/p-try-2.2.0.tgz#cb2868540e313d61de58fafbe35ce9004d5540e6"
  integrity sha1-yyhoVA4xPWHeWPr741zpAE1VQOY=

path-exists@^4.0.0:
  version "4.0.0"
  resolved "https://artifacts.aue1e.internal:443/artifactory/api/npm/npm-okta-master/path-exists/-/path-exists-4.0.0.tgz#513bdbe2d3b95d7762e8c1137efa195c6c61b5b3"
  integrity sha1-UTvb4tO5XXdi6METfvoZXGxhtbM=

punycode@^2.1.0:
  version "2.3.0"
  resolved "https://artifacts.aue1e.internal:443/artifactory/api/npm/npm-okta-master/punycode/-/punycode-2.3.0.tgz#f67fa67c94da8f4d0cfff981aee4118064199b8f"
  integrity sha1-9n+mfJTaj00M//mBruQRgGQZm48=

require-directory@^2.1.1:
  version "2.1.1"
  resolved "https://artifacts.aue1e.internal:443/artifactory/api/npm/npm-okta-master/require-directory/-/require-directory-2.1.1.tgz#8c64ad5fd30dab1c976e2344ffe7f792a6a6df42"
  integrity sha1-jGStX9MNqxyXbiNE/+f3kqam30I=

require-from-string@^2.0.2:
  version "2.0.2"
  resolved "https://artifacts.aue1e.internal:443/artifactory/api/npm/npm-okta-master/require-from-string/-/require-from-string-2.0.2.tgz#89a7fdd938261267318eafe14f9c32e598c36909"
  integrity sha1-iaf92TgmEmcxjq/hT5wy5ZjDaQk=

require-main-filename@^2.0.0:
  version "2.0.0"
  resolved "https://artifacts.aue1e.internal:443/artifactory/api/npm/npm-okta-master/require-main-filename/-/require-main-filename-2.0.0.tgz#d0b329ecc7cc0f61649f62215be69af54aa8989b"
  integrity sha1-0LMp7MfMD2Fkn2IhW+aa9UqomJs=

set-blocking@^2.0.0:
  version "2.0.0"
  resolved "https://artifacts.aue1e.internal:443/artifactory/api/npm/npm-okta-master/set-blocking/-/set-blocking-2.0.0.tgz#045f9782d011ae9a6803ddd382b24392b3d890f7"
  integrity sha1-BF+XgtARrppoA93TgrJDkrPYkPc=

source-map@^0.6.1:
  version "0.6.1"
  resolved "https://artifacts.aue1e.internal:443/artifactory/api/npm/npm-okta-master/source-map/-/source-map-0.6.1.tgz#74722af32e9614e9c287a8d0bbde48b5e2f1a263"
  integrity sha1-dHIq8y6WFOnCh6jQu95IteLxomM=

sprintf-js@~1.0.2:
  version "1.0.3"
  resolved "https://artifacts.aue1e.internal:443/artifactory/api/npm/npm-okta-master/sprintf-js/-/sprintf-js-1.0.3.tgz#04e6926f662895354f3dd015203633b857297e2c"
  integrity sha1-BOaSb2YolTVPPdAVIDYzuFcpfiw=

string-width@^4.1.0, string-width@^4.2.0:
  version "4.2.3"
  resolved "https://artifacts.aue1e.internal:443/artifactory/api/npm/npm-okta-master/string-width/-/string-width-4.2.3.tgz#269c7117d27b05ad2e536830a8ec895ef9c6d010"
  integrity sha1-JpxxF9J7Ba0uU2gwqOyJXvnG0BA=
  dependencies:
    emoji-regex "^8.0.0"
    is-fullwidth-code-point "^3.0.0"
    strip-ansi "^6.0.1"

strip-ansi@^6.0.0, strip-ansi@^6.0.1:
  version "6.0.1"
  resolved "https://artifacts.aue1e.internal:443/artifactory/api/npm/npm-okta-master/strip-ansi/-/strip-ansi-6.0.1.tgz#9e26c63d30f53443e9489495b2105d37b67a85d9"
  integrity sha1-nibGPTD1NEPpSJSVshBdN7Z6hdk=
  dependencies:
    ansi-regex "^5.0.1"

supports-color@^7.1.0:
  version "7.2.0"
  resolved "https://artifacts.aue1e.internal:443/artifactory/api/npm/npm-okta-master/supports-color/-/supports-color-7.2.0.tgz#1b7dcdcb32b8138801b3e478ba6a51caa89648da"
  integrity sha1-G33NyzK4E4gBs+R4umpRyqiWSNo=
  dependencies:
    has-flag "^4.0.0"

tr46@~0.0.3:
  version "0.0.3"
  resolved "https://artifacts.aue1e.internal:443/artifactory/api/npm/npm-okta-master/tr46/-/tr46-0.0.3.tgz#8184fd347dac9cdc185992f3a6622e14b9d9ab6a"
  integrity sha1-gYT9NH2snNwYWZLzpmIuFLnZq2o=

uglify-js@^3.1.4:
  version "3.17.4"
  resolved "https://artifacts.aue1e.internal:443/artifactory/api/npm/npm-okta-master/uglify-js/-/uglify-js-3.17.4.tgz#61678cf5fa3f5b7eb789bb345df29afb8257c22c"
  integrity sha1-YWeM9fo/W363ibs0XfKa+4JXwiw=

universalify@^0.1.0:
  version "0.1.2"
  resolved "https://artifacts.aue1e.internal:443/artifactory/api/npm/npm-okta-master/universalify/-/universalify-0.1.2.tgz#b646f69be3942dabcecc9d6639c80dc105efaa66"
  integrity sha1-tkb2m+OULavOzJ1mOcgNwQXvqmY=

uri-js@^4.2.2:
  version "4.4.1"
  resolved "https://artifacts.aue1e.internal:443/artifactory/api/npm/npm-okta-master/uri-js/-/uri-js-4.4.1.tgz#9b1a52595225859e55f669d928f88c6c57f2a77e"
  integrity sha1-mxpSWVIlhZ5V9mnZKPiMbFfyp34=
  dependencies:
    punycode "^2.1.0"

webidl-conversions@^3.0.0:
  version "3.0.1"
  resolved "https://artifacts.aue1e.internal:443/artifactory/api/npm/npm-okta-master/webidl-conversions/-/webidl-conversions-3.0.1.tgz#24534275e2a7bc6be7bc86611cc16ae0a5654871"
  integrity sha1-JFNCdeKnvGvnvIZhHMFq4KVlSHE=

whatwg-url@^5.0.0:
  version "5.0.0"
  resolved "https://artifacts.aue1e.internal:443/artifactory/api/npm/npm-okta-master/whatwg-url/-/whatwg-url-5.0.0.tgz#966454e8765462e37644d3626f6742ce8b70965d"
  integrity sha1-lmRU6HZUYuN2RNNib2dCzotwll0=
  dependencies:
    tr46 "~0.0.3"
    webidl-conversions "^3.0.0"

which-module@^2.0.0:
  version "2.0.0"
  resolved "https://artifacts.aue1e.internal:443/artifactory/api/npm/npm-okta-master/which-module/-/which-module-2.0.0.tgz#d9ef07dce77b9902b8a3a8fa4b31c3e3f7e6e87a"
  integrity sha1-2e8H3Od7mQK4o6j6SzHD4/fm6Ho=

wordwrap@^1.0.0:
  version "1.0.0"
  resolved "https://artifacts.aue1e.internal:443/artifactory/api/npm/npm-okta-master/wordwrap/-/wordwrap-1.0.0.tgz#27584810891456a4171c8d0226441ade90cbcaeb"
  integrity sha1-J1hIEIkUVqQXHI0CJkQa3pDLyus=

wrap-ansi@^6.2.0:
  version "6.2.0"
  resolved "https://artifacts.aue1e.internal:443/artifactory/api/npm/npm-okta-master/wrap-ansi/-/wrap-ansi-6.2.0.tgz#e9393ba07102e6c91a3b221478f0257cd2856e53"
  integrity sha1-6Tk7oHEC5skaOyIUePAlfNKFblM=
  dependencies:
    ansi-styles "^4.0.0"
    string-width "^4.1.0"
    strip-ansi "^6.0.0"

y18n@^4.0.0:
  version "4.0.3"
  resolved "https://artifacts.aue1e.internal:443/artifactory/api/npm/npm-okta-master/y18n/-/y18n-4.0.3.tgz#b5f259c82cd6e336921efd7bfd8bf560de9eeedf"
  integrity sha1-tfJZyCzW4zaSHv17/Yv1YN6e7t8=

yargs-parser@^18.1.2:
  version "18.1.3"
  resolved "https://artifacts.aue1e.internal:443/artifactory/api/npm/npm-okta-master/yargs-parser/-/yargs-parser-18.1.3.tgz#be68c4975c6b2abf469236b0c870362fab09a7b0"
  integrity sha1-vmjEl1xrKr9GkjawyHA2L6sJp7A=
  dependencies:
    camelcase "^5.0.0"
    decamelize "^1.2.0"

yargs@^15.4.1:
  version "15.4.1"
  resolved "https://artifacts.aue1e.internal:443/artifactory/api/npm/npm-okta-master/yargs/-/yargs-15.4.1.tgz#0d87a16de01aee9d8bec2bfbf74f67851730f4f8"
  integrity sha1-DYehbeAa7p2L7Cv7909nhRcw9Pg=
  dependencies:
    cliui "^6.0.0"
    decamelize "^1.2.0"
    find-up "^4.1.0"
    get-caller-file "^2.0.1"
    require-directory "^2.1.1"
    require-main-filename "^2.0.0"
    set-blocking "^2.0.0"
    string-width "^4.2.0"
    which-module "^2.0.0"
    y18n "^4.0.0"
    yargs-parser "^18.1.2"
